<?xml version="1.0" encoding="utf-8"?>
<Project ToolsVersion="4.0" xmlns="http://schemas.microsoft.com/developer/msbuild/2003">
  <ItemGroup>
    <Filter Include="Исходные файлы">
      <UniqueIdentifier>{4FC737F1-C7A5-4376-A066-2A32D752A2FF}</UniqueIdentifier>
      <Extensions>cpp;c;cc;cxx;c++;cppm;ixx;def;odl;idl;hpj;bat;asm;asmx</Extensions>
    </Filter>
    <Filter Include="Файлы заголовков">
      <UniqueIdentifier>{93995380-89BD-4b04-88EB-625FBE52EBFB}</UniqueIdentifier>
      <Extensions>h;hh;hpp;hxx;h++;hm;inl;inc;ipp;xsd</Extensions>
    </Filter>
    <Filter Include="Файлы ресурсов">
      <UniqueIdentifier>{67DA6AB6-F800-4c08-8B7A-83BB121AAD01}</UniqueIdentifier>
      <Extensions>rc;ico;cur;bmp;dlg;rc2;rct;bin;rgs;gif;jpg;jpeg;jpe;resx;tiff;tif;png;wav;mfcribbon-ms</Extensions>
    </Filter>
    <Filter Include="Исходные файлы\.Основное">
      <UniqueIdentifier>{cb345abe-c3c6-4d87-89a9-e04e956e15ef}</UniqueIdentifier>
    </Filter>
    <Filter Include="Файлы заголовков\.Основное">
      <UniqueIdentifier>{a53b2d87-d050-4286-a201-23645e4ac3d3}</UniqueIdentifier>
    </Filter>
  </ItemGroup>
  <ItemGroup>
    <ClInclude Include="framework.h">
      <Filter>Файлы заголовков\.Основное</Filter>
    </ClInclude>
    <ClInclude Include="pch.h">
      <Filter>Файлы заголовков\.Основное</Filter>
    </ClInclude>
    <ClInclude Include="BoolVisibleMenu.h">
      <Filter>Исходные файлы</Filter>
    </ClInclude>
    <ClInclude Include="ButtonUI.h">
      <Filter>Исходные файлы</Filter>
    </ClInclude>
    <ClInclude Include="CommandsUI_0.h">
      <Filter>Исходные файлы</Filter>
    </ClInclude>
    <ClInclude Include="CommandsUI_1.h">
      <Filter>Исходные файлы</Filter>
    </ClInclude>
    <ClInclude Include="ConfigMain.h">
      <Filter>Исходные файлы</Filter>
    </ClInclude>
    <ClInclude Include="ConfigMainEngine.h">
      <Filter>Исходные файлы</Filter>
    </ClInclude>
    <ClInclude Include="ConfigMaps.h">
      <Filter>Исходные файлы</Filter>
    </ClInclude>
    <ClInclude Include="ConfigMapsEngine.h">
      <Filter>Исходные файлы</Filter>
    </ClInclude>
    <ClInclude Include="CoutGuide.h">
      <Filter>Исходные файлы</Filter>
    </ClInclude>
    <ClInclude Include="DataAll.h">
      <Filter>Исходные файлы</Filter>
    </ClInclude>
    <ClInclude Include="DataMaps.h">
      <Filter>Исходные файлы</Filter>
    </ClInclude>
    <ClInclude Include="DataWarcraft.h">
      <Filter>Исходные файлы</Filter>
    </ClInclude>
    <ClInclude Include="Engine.h">
      <Filter>Исходные файлы</Filter>
    </ClInclude>
    <ClInclude Include="EngineFileTip1.h">
      <Filter>Исходные файлы</Filter>
    </ClInclude>
    <ClInclude Include="EngineFileTip2.h">
      <Filter>Исходные файлы</Filter>
    </ClInclude>
    <ClInclude Include="FontFallback.h">
      <Filter>Исходные файлы</Filter>
    </ClInclude>
    <ClInclude Include="getMapOpen.h">
      <Filter>Исходные файлы</Filter>
    </ClInclude>
    <ClInclude Include="Global.h">
      <Filter>Исходные файлы</Filter>
    </ClInclude>
    <ClInclude Include="HeroInfo.h">
      <Filter>Исходные файлы</Filter>
    </ClInclude>
    <ClInclude Include="HeroInfoEngine.h">
      <Filter>Исходные файлы</Filter>
    </ClInclude>
    <ClInclude Include="HeroInfoEngineFast.h">
      <Filter>Исходные файлы</Filter>
    </ClInclude>
    <ClInclude Include="InputHandler.h">
      <Filter>Исходные файлы</Filter>
    </ClInclude>
    <ClInclude Include="key.h">
      <Filter>Исходные файлы</Filter>
    </ClInclude>
    <ClInclude Include="ListHeroUI.h">
      <Filter>Исходные файлы</Filter>
    </ClInclude>
    <ClInclude Include="LoadDataFail.h">
      <Filter>Исходные файлы</Filter>
    </ClInclude>
    <ClInclude Include="LoadManager.h">
      <Filter>Исходные файлы</Filter>
    </ClInclude>
    <ClInclude Include="LogManager.h">
      <Filter>Исходные файлы</Filter>
    </ClInclude>
    <ClInclude Include="NewDataAll.h">
      <Filter>Исходные файлы</Filter>
    </ClInclude>
    <ClInclude Include="NewPathSaveCode.h">
      <Filter>Исходные файлы</Filter>
    </ClInclude>
    <ClInclude Include="OptionActionsUi.h">
      <Filter>Исходные файлы</Filter>
    </ClInclude>
    <ClInclude Include="Options.h">
      <Filter>Исходные файлы</Filter>
    </ClInclude>
    <ClInclude Include="OptionsUi.h">
      <Filter>Исходные файлы</Filter>
    </ClInclude>
    <ClInclude Include="OwnerWindow.h">
      <Filter>Исходные файлы</Filter>
    </ClInclude>
    <ClInclude Include="SearchAfterCreatedFile.h">
      <Filter>Исходные файлы</Filter>
    </ClInclude>
    <ClInclude Include="SelectingNewPathMap.h">
      <Filter>Исходные файлы</Filter>
    </ClInclude>
    <ClInclude Include="SkillsUpgradeStart.h">
      <Filter>Исходные файлы</Filter>
    </ClInclude>
    <ClInclude Include="StringConvector.h">
      <Filter>Исходные файлы</Filter>
    </ClInclude>
    <ClInclude Include="StringToString.h">
      <Filter>Исходные файлы</Filter>
    </ClInclude>
    <ClInclude Include="targetver.h">
      <Filter>Исходные файлы</Filter>
    </ClInclude>
    <ClInclude Include="TrayManager.h">
      <Filter>Исходные файлы</Filter>
    </ClInclude>
    <ClInclude Include="UpdateRegionRect.h">
      <Filter>Исходные файлы</Filter>
    </ClInclude>
  </ItemGroup>
  <ItemGroup>
    <ClCompile Include="dllmain.cpp">
      <Filter>Исходные файлы\.Основное</Filter>
    </ClCompile>
    <ClCompile Include="pch.cpp">
      <Filter>Исходные файлы\.Основное</Filter>
    </ClCompile>
    <ClCompile Include="BoolVisibleMenu.cpp">
      <Filter>Исходные файлы</Filter>
    </ClCompile>
    <ClCompile Include="ConfigMain.cpp">
      <Filter>Исходные файлы</Filter>
    </ClCompile>
    <ClCompile Include="ConfigMainEngine.cpp">
      <Filter>Исходные файлы</Filter>
    </ClCompile>
    <ClCompile Include="ConfigMaps.cpp">
      <Filter>Исходные файлы</Filter>
    </ClCompile>
    <ClCompile Include="ConfigMapsEngine.cpp">
      <Filter>Исходные файлы</Filter>
    </ClCompile>
    <ClCompile Include="CoutGuide.cpp">
      <Filter>Исходные файлы</Filter>
    </ClCompile>
    <ClCompile Include="DataAll.cpp">
      <Filter>Исходные файлы</Filter>
    </ClCompile>
    <ClCompile Include="DataMaps.cpp">
      <Filter>Исходные файлы</Filter>
    </ClCompile>
    <ClCompile Include="DataWarcraft.cpp">
      <Filter>Исходные файлы</Filter>
    </ClCompile>
    <ClCompile Include="Engine.cpp">
      <Filter>Исходные файлы</Filter>
    </ClCompile>
    <ClCompile Include="EngineFileTip1.cpp">
      <Filter>Исходные файлы</Filter>
    </ClCompile>
    <ClCompile Include="EngineFileTip2.cpp">
      <Filter>Исходные файлы</Filter>
    </ClCompile>
    <ClCompile Include="FontFallback.cpp">
      <Filter>Исходные файлы</Filter>
    </ClCompile>
    <ClCompile Include="getMapOpen.cpp">
      <Filter>Исходные файлы</Filter>
    </ClCompile>
    <ClCompile Include="Global.cpp">
      <Filter>Исходные файлы</Filter>
    </ClCompile>
    <ClCompile Include="HeroInfo.cpp">
      <Filter>Исходные файлы</Filter>
    </ClCompile>
    <ClCompile Include="HeroInfoEngine.cpp">
      <Filter>Исходные файлы</Filter>
    </ClCompile>
    <ClCompile Include="HeroInfoEngineFast.cpp">
      <Filter>Исходные файлы</Filter>
    </ClCompile>
    <ClCompile Include="InputHandler.cpp">
      <Filter>Исходные файлы</Filter>
    </ClCompile>
    <ClCompile Include="key.cpp">
      <Filter>Исходные файлы</Filter>
    </ClCompile>
    <ClCompile Include="LoadDataFail.cpp">
      <Filter>Исходные файлы</Filter>
    </ClCompile>
    <ClCompile Include="LoadManager.cpp">
      <Filter>Исходные файлы</Filter>
    </ClCompile>
    <ClCompile Include="NewDataAll.cpp">
      <Filter>Исходные файлы</Filter>
    </ClCompile>
    <ClCompile Include="NewPathSaveCode.cpp">
      <Filter>Исходные файлы</Filter>
    </ClCompile>
    <ClCompile Include="Options.cpp">
      <Filter>Исходные файлы</Filter>
    </ClCompile>
    <ClCompile Include="OwnerWindow.cpp">
      <Filter>Исходные файлы</Filter>
    </ClCompile>
    <ClCompile Include="SearchAfterCreatedFile.cpp">
      <Filter>Исходные файлы</Filter>
    </ClCompile>
    <ClCompile Include="SelectingNewPathMap.cpp">
      <Filter>Исходные файлы</Filter>
    </ClCompile>
    <ClCompile Include="SkillsUpgradeStart.cpp">
      <Filter>Исходные файлы</Filter>
    </ClCompile>
    <ClCompile Include="StringConvector.cpp">
      <Filter>Исходные файлы</Filter>
    </ClCompile>
    <ClCompile Include="StringToString.cpp">
      <Filter>Исходные файлы</Filter>
    </ClCompile>
    <ClCompile Include="TrayManager.cpp">
      <Filter>Исходные файлы</Filter>
    </ClCompile>
  </ItemGroup>
</Project>